
Microsoft Visual Studio Solution File, Format Version 12.00
# Visual Studio Version 17
VisualStudioVersion = 17.3.32929.385
MinimumVisualStudioVersion = 10.0.40219.1
Project("{2150E333-8FDC-42A3-9474-1A3956D46DE8}") = "src", "src", "{F52BD566-31EF-419C-9119-71D01F924F3F}"
EndProject
Project("{9A19103F-16F7-4668-BE54-9A1E7A4F7556}") = "DevIO.Bussines", "..\Clinica\src\DevIO.Bussines\DevIO.Bussines.csproj", "{1A466CD4-91DA-46B3-9406-18B4AEFE2CAD}"
EndProject
Project("{9A19103F-16F7-4668-BE54-9A1E7A4F7556}") = "DevIO.Data", "..\Clinica\src\DevIO.Data\DevIO.Data.csproj", "{4ABB7B8B-FB72-4856-A6B3-5A82B941609A}"
EndProject
Project("{FAE04EC0-301F-11D3-BF4B-00C04F79EFBC}") = "DevIO.Api", "src\DevIO.Api\DevIO.Api.csproj", "{E23EF5D1-1787-43F9-A96F-989670A716C5}"
EndProject
Global
	GlobalSection(SolutionConfigurationPlatforms) = preSolution
		Debug|Any CPU = Debug|Any CPU
		Release|Any CPU = Release|Any CPU
	EndGlobalSection
	GlobalSection(ProjectConfigurationPlatforms) = postSolution
		{1A466CD4-91DA-46B3-9406-18B4AEFE2CAD}.Debug|Any CPU.ActiveCfg = Debug|Any CPU
		{1A466CD4-91DA-46B3-9406-18B4AEFE2CAD}.Debug|Any CPU.Build.0 = Debug|Any CPU
		{1A466CD4-91DA-46B3-9406-18B4AEFE2CAD}.Release|Any CPU.ActiveCfg = Release|Any CPU
		{1A466CD4-91DA-46B3-9406-18B4AEFE2CAD}.Release|Any CPU.Build.0 = Release|Any CPU
		{4ABB7B8B-FB72-4856-A6B3-5A82B941609A}.Debug|Any CPU.ActiveCfg = Debug|Any CPU
		{4ABB7B8B-FB72-4856-A6B3-5A82B941609A}.Debug|Any CPU.Build.0 = Debug|Any CPU
		{4ABB7B8B-FB72-4856-A6B3-5A82B941609A}.Release|Any CPU.ActiveCfg = Release|Any CPU
		{4ABB7B8B-FB72-4856-A6B3-5A82B941609A}.Release|Any CPU.Build.0 = Release|Any CPU
		{E23EF5D1-1787-43F9-A96F-989670A716C5}.Debug|Any CPU.ActiveCfg = Debug|Any CPU
		{E23EF5D1-1787-43F9-A96F-989670A716C5}.Debug|Any CPU.Build.0 = Debug|Any CPU
		{E23EF5D1-1787-43F9-A96F-989670A716C5}.Release|Any CPU.ActiveCfg = Release|Any CPU
		{E23EF5D1-1787-43F9-A96F-989670A716C5}.Release|Any CPU.Build.0 = Release|Any CPU
	EndGlobalSection
	GlobalSection(SolutionProperties) = preSolution
		HideSolutionNode = FALSE
	EndGlobalSection
	GlobalSection(NestedProjects) = preSolution
		{1A466CD4-91DA-46B3-9406-18B4AEFE2CAD} = {F52BD566-31EF-419C-9119-71D01F924F3F}
		{4ABB7B8B-FB72-4856-A6B3-5A82B941609A} = {F52BD566-31EF-419C-9119-71D01F924F3F}
		{E23EF5D1-1787-43F9-A96F-989670A716C5} = {F52BD566-31EF-419C-9119-71D01F924F3F}
	EndGlobalSection
	GlobalSection(ExtensibilityGlobals) = postSolution
		SolutionGuid = {1C08A25D-C17E-477E-A9AB-83630FA58283}
	EndGlobalSection
EndGlobal
